
Microsoft Visual Studio Solution File, Format Version 12.00
# Visual Studio 15
VisualStudioVersion = 15.0.27703.2047
MinimumVisualStudioVersion = 10.0.40219.1
Project("{FAE04EC0-301F-11D3-BF4B-00C04F79EFBC}") = "AlexSTOv2", "AlexSTOv2\AlexSTOv2.csproj", "{852007BE-C48D-4A59-A1B2-6CD1A0508CC3}"
EndProject
Global
	GlobalSection(SolutionConfigurationPlatforms) = preSolution
		Debug|Any CPU = Debug|Any CPU
		Release|Any CPU = Release|Any CPU
	EndGlobalSection
	GlobalSection(ProjectConfigurationPlatforms) = postSolution
		{852007BE-C48D-4A59-A1B2-6CD1A0508CC3}.Debug|Any CPU.ActiveCfg = Debug|Any CPU
		{852007BE-C48D-4A59-A1B2-6CD1A0508CC3}.Debug|Any CPU.Build.0 = Debug|Any CPU
		{852007BE-C48D-4A59-A1B2-6CD1A0508CC3}.Release|Any CPU.ActiveCfg = Release|Any CPU
		{852007BE-C48D-4A59-A1B2-6CD1A0508CC3}.Release|Any CPU.Build.0 = Release|Any CPU
	EndGlobalSection
	GlobalSection(SolutionProperties) = preSolution
		HideSolutionNode = FALSE
	EndGlobalSection
	GlobalSection(ExtensibilityGlobals) = postSolution
		SolutionGuid = {CF03FEEF-1792-4BA9-A51C-58A8B2454523}
	EndGlobalSection
EndGlobal
